
Microsoft Visual Studio Solution File, Format Version 12.00
# Visual Studio Version 16
VisualStudioVersion = 16.0.30804.86
MinimumVisualStudioVersion = 10.0.40219.1
Project("{9A19103F-16F7-4668-BE54-9A1E7A4F7556}") = "Mudandaz_PhanorMesias", "Mudandaz_PhanorMesias\Mudandaz_PhanorMesias.csproj", "{6836F174-AE9C-47EE-B147-570812E85974}"
EndProject
Project("{FAE04EC0-301F-11D3-BF4B-00C04F79EFBC}") = "MudanzasTest", "MudanzasTest\MudanzasTest.csproj", "{52411B18-9D97-4A61-9B20-B67C1310FA06}"
EndProject
Global
	GlobalSection(SolutionConfigurationPlatforms) = preSolution
		Debug|Any CPU = Debug|Any CPU
		Release|Any CPU = Release|Any CPU
	EndGlobalSection
	GlobalSection(ProjectConfigurationPlatforms) = postSolution
		{6836F174-AE9C-47EE-B147-570812E85974}.Debug|Any CPU.ActiveCfg = Debug|Any CPU
		{6836F174-AE9C-47EE-B147-570812E85974}.Debug|Any CPU.Build.0 = Debug|Any CPU
		{6836F174-AE9C-47EE-B147-570812E85974}.Release|Any CPU.ActiveCfg = Release|Any CPU
		{6836F174-AE9C-47EE-B147-570812E85974}.Release|Any CPU.Build.0 = Release|Any CPU
		{52411B18-9D97-4A61-9B20-B67C1310FA06}.Debug|Any CPU.ActiveCfg = Debug|Any CPU
		{52411B18-9D97-4A61-9B20-B67C1310FA06}.Debug|Any CPU.Build.0 = Debug|Any CPU
		{52411B18-9D97-4A61-9B20-B67C1310FA06}.Release|Any CPU.ActiveCfg = Release|Any CPU
		{52411B18-9D97-4A61-9B20-B67C1310FA06}.Release|Any CPU.Build.0 = Release|Any CPU
	EndGlobalSection
	GlobalSection(SolutionProperties) = preSolution
		HideSolutionNode = FALSE
	EndGlobalSection
	GlobalSection(ExtensibilityGlobals) = postSolution
		SolutionGuid = {FCA6624C-D79C-46BB-BB62-8953EF9065F9}
	EndGlobalSection
EndGlobal
